<?xml version="1.0" encoding="utf-8"?>
<Project ToolsVersion="4.0" xmlns="http://schemas.microsoft.com/developer/msbuild/2003">
  <ItemGroup>
    <Filter Include="Source Files">
      <UniqueIdentifier>{4FC737F1-C7A5-4376-A066-2A32D752A2FF}</UniqueIdentifier>
      <Extensions>cpp;c;cc;cxx;c++;cppm;ixx;def;odl;idl;hpj;bat;asm;asmx</Extensions>
    </Filter>
    <Filter Include="Header Files">
      <UniqueIdentifier>{93995380-89BD-4b04-88EB-625FBE52EBFB}</UniqueIdentifier>
      <Extensions>h;hh;hpp;hxx;h++;hm;inl;inc;ipp;xsd</Extensions>
    </Filter>
    <Filter Include="Resource Files">
      <UniqueIdentifier>{67DA6AB6-F800-4c08-8B7A-83BB121AAD01}</UniqueIdentifier>
      <Extensions>rc;ico;cur;bmp;dlg;rc2;rct;bin;rgs;gif;jpg;jpeg;jpe;resx;tiff;tif;png;wav;mfcribbon-ms</Extensions>
    </Filter>
    <Filter Include="Header Files\MaterialDesign">
      <UniqueIdentifier>{16e32046-db00-4375-93e3-3ea499cd1c5c}</UniqueIdentifier>
    </Filter>
    <Filter Include="Source Files\MaterialDesign">
      <UniqueIdentifier>{96f32349-fe4c-44a8-b433-3b8c7992b2e4}</UniqueIdentifier>
    </Filter>
  </ItemGroup>
  <ItemGroup>
    <ClInclude Include="cApp.h">
      <Filter>Header Files</Filter>
    </ClInclude>
    <ClInclude Include="cPreviewPanel.h">
      <Filter>Header Files</Filter>
    </ClInclude>
    <ClInclude Include="cMain.h">
      <Filter>Header Files</Filter>
    </ClInclude>
    <ClInclude Include="cPreviewTools.h">
      <Filter>Header Files</Filter>
    </ClInclude>
    <ClInclude Include="cSettings.h">
      <Filter>Header Files</Filter>
    </ClInclude>
    <ClInclude Include="Motor.h">
      <Filter>Header Files</Filter>
    </ClInclude>
    <ClInclude Include="Ketek.h">
      <Filter>Header Files</Filter>
    </ClInclude>
    <ClInclude Include="resource1.h">
      <Filter>Header Files</Filter>
    </ClInclude>
    <ClInclude Include="..\include\MaterialDesign\wxAwesomeBrandsArt.hpp">
      <Filter>Header Files\MaterialDesign</Filter>
    </ClInclude>
    <ClInclude Include="..\include\MaterialDesign\wxAwesomeRegularArt.hpp">
      <Filter>Header Files\MaterialDesign</Filter>
    </ClInclude>
    <ClInclude Include="..\include\MaterialDesign\wxAwesomeSolidArt.hpp">
      <Filter>Header Files\MaterialDesign</Filter>
    </ClInclude>
    <ClInclude Include="..\include\MaterialDesign\wxFluentuiFilledArt.hpp">
      <Filter>Header Files\MaterialDesign</Filter>
    </ClInclude>
    <ClInclude Include="..\include\MaterialDesign\wxFluentuiRegularArt.hpp">
      <Filter>Header Files\MaterialDesign</Filter>
    </ClInclude>
    <ClInclude Include="..\include\MaterialDesign\wxMaterialDesignArtProvider.hpp">
      <Filter>Header Files\MaterialDesign</Filter>
    </ClInclude>
    <ClInclude Include="..\include\MaterialDesign\wxMaterialFilledArt.hpp">
      <Filter>Header Files\MaterialDesign</Filter>
    </ClInclude>
    <ClInclude Include="..\include\MaterialDesign\wxMaterialOutlinedArt.hpp">
      <Filter>Header Files\MaterialDesign</Filter>
    </ClInclude>
    <ClInclude Include="..\include\MaterialDesign\wxMaterialRoundArt.hpp">
      <Filter>Header Files\MaterialDesign</Filter>
    </ClInclude>
    <ClInclude Include="..\include\MaterialDesign\wxMaterialSharpArt.hpp">
      <Filter>Header Files\MaterialDesign</Filter>
    </ClInclude>
    <ClInclude Include="..\include\MaterialDesign\wxMaterialTwoToneArt.hpp">
      <Filter>Header Files\MaterialDesign</Filter>
    </ClInclude>
    <ClInclude Include="..\include\MaterialDesign\wxSimpleIconsArt.hpp">
      <Filter>Header Files\MaterialDesign</Filter>
    </ClInclude>
  </ItemGroup>
  <ItemGroup>
    <ClCompile Include="cApp.cpp">
      <Filter>Source Files</Filter>
    </ClCompile>
    <ClCompile Include="cPreviewPanel.cpp">
      <Filter>Source Files</Filter>
    </ClCompile>
    <ClCompile Include="cMain.cpp">
      <Filter>Source Files</Filter>
    </ClCompile>
    <ClCompile Include="cPreviewTools.cpp">
      <Filter>Source Files</Filter>
    </ClCompile>
    <ClCompile Include="cSettings.cpp">
      <Filter>Source Files</Filter>
    </ClCompile>
    <ClCompile Include="Motor.cpp">
      <Filter>Source Files</Filter>
    </ClCompile>
    <ClCompile Include="Ketek.cpp">
      <Filter>Source Files</Filter>
    </ClCompile>
    <ClCompile Include="..\include\MaterialDesign\wxAwesomeBrandsArt.cpp">
      <Filter>Source Files\MaterialDesign</Filter>
    </ClCompile>
    <ClCompile Include="..\include\MaterialDesign\wxAwesomeRegularArt.cpp">
      <Filter>Source Files\MaterialDesign</Filter>
    </ClCompile>
    <ClCompile Include="..\include\MaterialDesign\wxAwesomeSolidArt.cpp">
      <Filter>Source Files\MaterialDesign</Filter>
    </ClCompile>
    <ClCompile Include="..\include\MaterialDesign\wxFluentuiFilledArt.cpp">
      <Filter>Source Files\MaterialDesign</Filter>
    </ClCompile>
    <ClCompile Include="..\include\MaterialDesign\wxFluentuiRegularArt.cpp">
      <Filter>Source Files\MaterialDesign</Filter>
    </ClCompile>
    <ClCompile Include="..\include\MaterialDesign\wxMaterialDesignArtProvider.cpp">
      <Filter>Source Files\MaterialDesign</Filter>
    </ClCompile>
    <ClCompile Include="..\include\MaterialDesign\wxMaterialFilledArt.cpp">
      <Filter>Source Files\MaterialDesign</Filter>
    </ClCompile>
    <ClCompile Include="..\include\MaterialDesign\wxMaterialOutlinedArt.cpp">
      <Filter>Source Files\MaterialDesign</Filter>
    </ClCompile>
    <ClCompile Include="..\include\MaterialDesign\wxMaterialRoundArt.cpp">
      <Filter>Source Files\MaterialDesign</Filter>
    </ClCompile>
    <ClCompile Include="..\include\MaterialDesign\wxMaterialSharpArt.cpp">
      <Filter>Source Files\MaterialDesign</Filter>
    </ClCompile>
    <ClCompile Include="..\include\MaterialDesign\wxMaterialTwoToneArt.cpp">
      <Filter>Source Files\MaterialDesign</Filter>
    </ClCompile>
    <ClCompile Include="..\include\MaterialDesign\wxSimpleIconsArt.cpp">
      <Filter>Source Files\MaterialDesign</Filter>
    </ClCompile>
  </ItemGroup>
  <ItemGroup>
    <ResourceCompile Include="VEXOTControl.rc">
      <Filter>Resource Files</Filter>
    </ResourceCompile>
  </ItemGroup>
  <ItemGroup>
    <Image Include="src\img\logo.ico">
      <Filter>Resource Files</Filter>
    </Image>
  </ItemGroup>
</Project>